
Microsoft Visual Studio Solution File, Format Version 11.00
# Visual Studio 2010
Project("{FAE04EC0-301F-11D3-BF4B-00C04F79EFBC}") = "Powar", "Assembly-CSharp-firstpass.csproj", "{9FCC6E66-6541-8EB7-44BE-A6A0D9447927}"
EndProject
Project("{FAE04EC0-301F-11D3-BF4B-00C04F79EFBC}") = "Powar", "Assembly-CSharp.csproj", "{21C84280-568D-F7F3-85CA-CA761D52C495}"
EndProject
Global
	GlobalSection(SolutionConfigurationPlatforms) = preSolution
		Debug|Any CPU = Debug|Any CPU
		Release|Any CPU = Release|Any CPU
	EndGlobalSection
	GlobalSection(ProjectConfigurationPlatforms) = postSolution
		{9FCC6E66-6541-8EB7-44BE-A6A0D9447927}.Debug|Any CPU.ActiveCfg = Debug|Any CPU
		{9FCC6E66-6541-8EB7-44BE-A6A0D9447927}.Debug|Any CPU.Build.0 = Debug|Any CPU
		{9FCC6E66-6541-8EB7-44BE-A6A0D9447927}.Release|Any CPU.ActiveCfg = Release|Any CPU
		{9FCC6E66-6541-8EB7-44BE-A6A0D9447927}.Release|Any CPU.Build.0 = Release|Any CPU
		{21C84280-568D-F7F3-85CA-CA761D52C495}.Debug|Any CPU.ActiveCfg = Debug|Any CPU
		{21C84280-568D-F7F3-85CA-CA761D52C495}.Debug|Any CPU.Build.0 = Debug|Any CPU
		{21C84280-568D-F7F3-85CA-CA761D52C495}.Release|Any CPU.ActiveCfg = Release|Any CPU
		{21C84280-568D-F7F3-85CA-CA761D52C495}.Release|Any CPU.Build.0 = Release|Any CPU
	EndGlobalSection
	GlobalSection(SolutionProperties) = preSolution
		HideSolutionNode = FALSE
	EndGlobalSection
	GlobalSection(MonoDevelopProperties) = preSolution
		StartupItem = Assembly-CSharp.csproj
	EndGlobalSection
EndGlobal
